{
  "name": "@pestras/dataframe",
  "version": "1.0.1",
  "lockfileVersion": 2,
  "requires": true,
  "packages": {
    "": {
      "name": "@pestras/dataframe",
      "version": "1.0.0",
      "license": "ISC",
      "dependencies": {
        "@pestras/eq": "^1.0.1"
      },
      "devDependencies": {
        "typescript": "^4.6.3"
      }
    },
    "node_modules/@pestras/eq": {
      "version": "1.0.1",
      "resolved": "https://registry.npmjs.org/@pestras/eq/-/eq-1.0.1.tgz",
      "integrity": "sha512-HbhGe+kq9vXXp2nhQ57DiRan5cKZKNXtg8mx1cjSbzlwpKQKoHbF/RFSUW6OeT9kUK3ZO3ny+HaMUUrtkQA2dA=="
    },
    "node_modules/typescript": {
      "version": "4.6.3",
      "resolved": "https://registry.npmjs.org/typescript/-/typescript-4.6.3.tgz",
      "integrity": "sha512-yNIatDa5iaofVozS/uQJEl3JRWLKKGJKh6Yaiv0GLGSuhpFJe7P3SbHZ8/yjAHRQwKRoA6YZqlfjXWmVzoVSMw==",
      "dev": true,
      "bin": {
        "tsc": "bin/tsc",
        "tsserver": "bin/tsserver"
      },
      "engines": {
        "node": ">=4.2.0"
      }
    }
  },
  "dependencies": {
    "@pestras/eq": {
      "version": "1.0.1",
      "resolved": "https://registry.npmjs.org/@pestras/eq/-/eq-1.0.1.tgz",
      "integrity": "sha512-HbhGe+kq9vXXp2nhQ57DiRan5cKZKNXtg8mx1cjSbzlwpKQKoHbF/RFSUW6OeT9kUK3ZO3ny+HaMUUrtkQA2dA=="
    },
    "typescript": {
      "version": "4.6.3",
      "resolved": "https://registry.npmjs.org/typescript/-/typescript-4.6.3.tgz",
      "integrity": "sha512-yNIatDa5iaofVozS/uQJEl3JRWLKKGJKh6Yaiv0GLGSuhpFJe7P3SbHZ8/yjAHRQwKRoA6YZqlfjXWmVzoVSMw==",
      "dev": true
    }
  }
}
